// !$*UTF8*$!
{
	archiveVersion = 1;
	classes = {
	};
	objectVersion = 56;
	objects = {

/* Begin PBXBuildFile section */
		179B3A912A0650B70003F85B /* AppDelegate.swift in Sources */ = {isa = PBXBuildFile; fileRef = 179B3A902A0650B70003F85B /* AppDelegate.swift */; };
		179B3A932A0650B70003F85B /* SceneDelegate.swift in Sources */ = {isa = PBXBuildFile; fileRef = 179B3A922A0650B70003F85B /* SceneDelegate.swift */; };
		179B3A952A0650B70003F85B /* ViewController.swift in Sources */ = {isa = PBXBuildFile; fileRef = 179B3A942A0650B70003F85B /* ViewController.swift */; };
		179B3A9A2A0650BC0003F85B /* Assets.xcassets in Resources */ = {isa = PBXBuildFile; fileRef = 179B3A992A0650BC0003F85B /* Assets.xcassets */; };
		179B3A9D2A0650BC0003F85B /* LaunchScreen.storyboard in Resources */ = {isa = PBXBuildFile; fileRef = 179B3A9B2A0650BC0003F85B /* LaunchScreen.storyboard */; };
		9D0D668E048DC82C6915B6C8 /* Pods_HabitsTracker.framework in Frameworks */ = {isa = PBXBuildFile; fileRef = 4E1B9CF28462A5C02FD2E728 /* Pods_HabitsTracker.framework */; };
		AE0D44EC2A0CA1CA008696F7 /* ProfileViewController.swift in Sources */ = {isa = PBXBuildFile; fileRef = AE0D44EB2A0CA1CA008696F7 /* ProfileViewController.swift */; };
		AE0D44EF2A0CA1F7008696F7 /* StatsViewController.swift in Sources */ = {isa = PBXBuildFile; fileRef = AE0D44EE2A0CA1F7008696F7 /* StatsViewController.swift */; };
		AE0D44F22A0CA380008696F7 /* TabBar.swift in Sources */ = {isa = PBXBuildFile; fileRef = AE0D44F12A0CA380008696F7 /* TabBar.swift */; };
		AE0D44F42A0CA846008696F7 /* TabBarCoordinator.swift in Sources */ = {isa = PBXBuildFile; fileRef = AE0D44F32A0CA846008696F7 /* TabBarCoordinator.swift */; };
		AE49464D2A0B887B002A0B82 /* AuthViewController.swift in Sources */ = {isa = PBXBuildFile; fileRef = AE49464C2A0B887B002A0B82 /* AuthViewController.swift */; };
		AE4946502A0B888F002A0B82 /* BaseViewController.swift in Sources */ = {isa = PBXBuildFile; fileRef = AE49464F2A0B888F002A0B82 /* BaseViewController.swift */; };
		AE4946532A0BEE9C002A0B82 /* Coordinator.swift in Sources */ = {isa = PBXBuildFile; fileRef = AE4946522A0BEE9C002A0B82 /* Coordinator.swift */; };
		AE4946552A0C0B50002A0B82 /* MainCoordinator.swift in Sources */ = {isa = PBXBuildFile; fileRef = AE4946542A0C0B50002A0B82 /* MainCoordinator.swift */; };
		AE6F371E2A0D55BA001E2FC5 /* HomeCoordinator.swift in Sources */ = {isa = PBXBuildFile; fileRef = AE6F371D2A0D55BA001E2FC5 /* HomeCoordinator.swift */; };
		AE6F37282A0D7FB5001E2FC5 /* StatsCoordinator.swift in Sources */ = {isa = PBXBuildFile; fileRef = AE6F37272A0D7FB5001E2FC5 /* StatsCoordinator.swift */; };
		AE6F372B2A0D8002001E2FC5 /* ProfileCoordinator.swift in Sources */ = {isa = PBXBuildFile; fileRef = AE6F372A2A0D8002001E2FC5 /* ProfileCoordinator.swift */; };
		AE6F372E2A0E032D001E2FC5 /* Extension + ScreenSize.swift in Sources */ = {isa = PBXBuildFile; fileRef = AE6F372D2A0E032D001E2FC5 /* Extension + ScreenSize.swift */; };
		AE70DF452A0C0D8700ACA1C6 /* RegisterViewController.swift in Sources */ = {isa = PBXBuildFile; fileRef = AE70DF442A0C0D8700ACA1C6 /* RegisterViewController.swift */; };
		AE70DF472A0C108200ACA1C6 /* HomeViewController.swift in Sources */ = {isa = PBXBuildFile; fileRef = AE70DF462A0C108200ACA1C6 /* HomeViewController.swift */; };
		AE70DF492A0C10DA00ACA1C6 /* TitleLogo.swift in Sources */ = {isa = PBXBuildFile; fileRef = AE70DF482A0C10DA00ACA1C6 /* TitleLogo.swift */; };
		AE70DF4E2A0C1CAD00ACA1C6 /* comfortaa-bold.ttf in Resources */ = {isa = PBXBuildFile; fileRef = AE70DF4D2A0C1CAD00ACA1C6 /* comfortaa-bold.ttf */; };
		AECA087C2A0E76920063709A /* FirebaseAnalytics in Frameworks */ = {isa = PBXBuildFile; productRef = AECA087B2A0E76920063709A /* FirebaseAnalytics */; };
		AECA087E2A0E76920063709A /* FirebaseAnalyticsWithoutAdIdSupport in Frameworks */ = {isa = PBXBuildFile; productRef = AECA087D2A0E76920063709A /* FirebaseAnalyticsWithoutAdIdSupport */; };
		AECA08812A0E77D50063709A /* GoogleSignIn in Frameworks */ = {isa = PBXBuildFile; productRef = AECA08802A0E77D50063709A /* GoogleSignIn */; };
		AECA08832A0E77D50063709A /* GoogleSignInSwift in Frameworks */ = {isa = PBXBuildFile; productRef = AECA08822A0E77D50063709A /* GoogleSignInSwift */; };
		AECA08852A0E791D0063709A /* GoogleService-Info-5.plist in Resources */ = {isa = PBXBuildFile; fileRef = AECA08842A0E791D0063709A /* GoogleService-Info-5.plist */; };
/* End PBXBuildFile section */

/* Begin PBXFileReference section */
		179B3A8D2A0650B70003F85B /* HabitsTracker.app */ = {isa = PBXFileReference; explicitFileType = wrapper.application; includeInIndex = 0; path = HabitsTracker.app; sourceTree = BUILT_PRODUCTS_DIR; };
		179B3A902A0650B70003F85B /* AppDelegate.swift */ = {isa = PBXFileReference; lastKnownFileType = sourcecode.swift; path = AppDelegate.swift; sourceTree = "<group>"; };
		179B3A922A0650B70003F85B /* SceneDelegate.swift */ = {isa = PBXFileReference; lastKnownFileType = sourcecode.swift; path = SceneDelegate.swift; sourceTree = "<group>"; };
		179B3A942A0650B70003F85B /* ViewController.swift */ = {isa = PBXFileReference; lastKnownFileType = sourcecode.swift; path = ViewController.swift; sourceTree = "<group>"; };
		179B3A992A0650BC0003F85B /* Assets.xcassets */ = {isa = PBXFileReference; lastKnownFileType = folder.assetcatalog; path = Assets.xcassets; sourceTree = "<group>"; };
		179B3A9C2A0650BC0003F85B /* Base */ = {isa = PBXFileReference; lastKnownFileType = file.storyboard; name = Base; path = Base.lproj/LaunchScreen.storyboard; sourceTree = "<group>"; };
		179B3A9E2A0650BC0003F85B /* Info.plist */ = {isa = PBXFileReference; lastKnownFileType = text.plist.xml; path = Info.plist; sourceTree = "<group>"; };
		4E1B9CF28462A5C02FD2E728 /* Pods_HabitsTracker.framework */ = {isa = PBXFileReference; explicitFileType = wrapper.framework; includeInIndex = 0; path = Pods_HabitsTracker.framework; sourceTree = BUILT_PRODUCTS_DIR; };
		82F4AC76C9241A500C2B20F1 /* Pods-HabitsTracker.debug.xcconfig */ = {isa = PBXFileReference; includeInIndex = 1; lastKnownFileType = text.xcconfig; name = "Pods-HabitsTracker.debug.xcconfig"; path = "Target Support Files/Pods-HabitsTracker/Pods-HabitsTracker.debug.xcconfig"; sourceTree = "<group>"; };
		8D7F709DF365F3E52FD98E51 /* Pods-HabitsTracker.release.xcconfig */ = {isa = PBXFileReference; includeInIndex = 1; lastKnownFileType = text.xcconfig; name = "Pods-HabitsTracker.release.xcconfig"; path = "Target Support Files/Pods-HabitsTracker/Pods-HabitsTracker.release.xcconfig"; sourceTree = "<group>"; };
		AE0D44EB2A0CA1CA008696F7 /* ProfileViewController.swift */ = {isa = PBXFileReference; lastKnownFileType = sourcecode.swift; path = ProfileViewController.swift; sourceTree = "<group>"; };
		AE0D44EE2A0CA1F7008696F7 /* StatsViewController.swift */ = {isa = PBXFileReference; lastKnownFileType = sourcecode.swift; path = StatsViewController.swift; sourceTree = "<group>"; };
		AE0D44F12A0CA380008696F7 /* TabBar.swift */ = {isa = PBXFileReference; lastKnownFileType = sourcecode.swift; path = TabBar.swift; sourceTree = "<group>"; };
		AE0D44F32A0CA846008696F7 /* TabBarCoordinator.swift */ = {isa = PBXFileReference; lastKnownFileType = sourcecode.swift; path = TabBarCoordinator.swift; sourceTree = "<group>"; };
		AE49464C2A0B887B002A0B82 /* AuthViewController.swift */ = {isa = PBXFileReference; lastKnownFileType = sourcecode.swift; path = AuthViewController.swift; sourceTree = "<group>"; };
		AE49464F2A0B888F002A0B82 /* BaseViewController.swift */ = {isa = PBXFileReference; lastKnownFileType = sourcecode.swift; path = BaseViewController.swift; sourceTree = "<group>"; };
		AE4946522A0BEE9C002A0B82 /* Coordinator.swift */ = {isa = PBXFileReference; lastKnownFileType = sourcecode.swift; path = Coordinator.swift; sourceTree = "<group>"; };
		AE4946542A0C0B50002A0B82 /* MainCoordinator.swift */ = {isa = PBXFileReference; lastKnownFileType = sourcecode.swift; path = MainCoordinator.swift; sourceTree = "<group>"; };
		AE6F371D2A0D55BA001E2FC5 /* HomeCoordinator.swift */ = {isa = PBXFileReference; lastKnownFileType = sourcecode.swift; path = HomeCoordinator.swift; sourceTree = "<group>"; };
		AE6F37272A0D7FB5001E2FC5 /* StatsCoordinator.swift */ = {isa = PBXFileReference; lastKnownFileType = sourcecode.swift; path = StatsCoordinator.swift; sourceTree = "<group>"; };
		AE6F372A2A0D8002001E2FC5 /* ProfileCoordinator.swift */ = {isa = PBXFileReference; lastKnownFileType = sourcecode.swift; path = ProfileCoordinator.swift; sourceTree = "<group>"; };
		AE6F372D2A0E032D001E2FC5 /* Extension + ScreenSize.swift */ = {isa = PBXFileReference; lastKnownFileType = sourcecode.swift; path = "Extension + ScreenSize.swift"; sourceTree = "<group>"; };
		AE70DF442A0C0D8700ACA1C6 /* RegisterViewController.swift */ = {isa = PBXFileReference; lastKnownFileType = sourcecode.swift; path = RegisterViewController.swift; sourceTree = "<group>"; };
		AE70DF462A0C108200ACA1C6 /* HomeViewController.swift */ = {isa = PBXFileReference; lastKnownFileType = sourcecode.swift; path = HomeViewController.swift; sourceTree = "<group>"; };
		AE70DF482A0C10DA00ACA1C6 /* TitleLogo.swift */ = {isa = PBXFileReference; lastKnownFileType = sourcecode.swift; path = TitleLogo.swift; sourceTree = "<group>"; };
		AE70DF4D2A0C1CAD00ACA1C6 /* comfortaa-bold.ttf */ = {isa = PBXFileReference; lastKnownFileType = file; path = "comfortaa-bold.ttf"; sourceTree = "<group>"; };
		AECA08842A0E791D0063709A /* GoogleService-Info-5.plist */ = {isa = PBXFileReference; fileEncoding = 4; lastKnownFileType = text.plist.xml; path = "GoogleService-Info-5.plist"; sourceTree = "<group>"; };
/* End PBXFileReference section */

/* Begin PBXFrameworksBuildPhase section */
		179B3A8A2A0650B70003F85B /* Frameworks */ = {
			isa = PBXFrameworksBuildPhase;
			buildActionMask = 2147483647;
			files = (
				AECA08832A0E77D50063709A /* GoogleSignInSwift in Frameworks */,
				AECA087C2A0E76920063709A /* FirebaseAnalytics in Frameworks */,
				AECA08812A0E77D50063709A /* GoogleSignIn in Frameworks */,
				AECA087E2A0E76920063709A /* FirebaseAnalyticsWithoutAdIdSupport in Frameworks */,
				9D0D668E048DC82C6915B6C8 /* Pods_HabitsTracker.framework in Frameworks */,
			);
			runOnlyForDeploymentPostprocessing = 0;
		};
/* End PBXFrameworksBuildPhase section */

/* Begin PBXGroup section */
		179B3A842A0650B70003F85B = {
			isa = PBXGroup;
			children = (
				AE70DF4D2A0C1CAD00ACA1C6 /* comfortaa-bold.ttf */,
				179B3A8F2A0650B70003F85B /* HabitsTracker */,
				179B3A8E2A0650B70003F85B /* Products */,
				738F6E376F63B3202925C067 /* Pods */,
				E5F0E0070993D70FD985685B /* Frameworks */,
			);
			sourceTree = "<group>";
		};
		179B3A8E2A0650B70003F85B /* Products */ = {
			isa = PBXGroup;
			children = (
				179B3A8D2A0650B70003F85B /* HabitsTracker.app */,
			);
			name = Products;
			sourceTree = "<group>";
		};
		179B3A8F2A0650B70003F85B /* HabitsTracker */ = {
			isa = PBXGroup;
			children = (
				179B3A902A0650B70003F85B /* AppDelegate.swift */,
				179B3A922A0650B70003F85B /* SceneDelegate.swift */,
				179B3A942A0650B70003F85B /* ViewController.swift */,
				AE6F372C2A0E0323001E2FC5 /* Extensions */,
				AE0D44F02A0CA332008696F7 /* TabBar */,
				AE4946512A0BEE8F002A0B82 /* Coordinator */,
				AE49464E2A0B8884002A0B82 /* Reusable */,
				AE2E662B2A0B46FB00497397 /* Main */,
				179B3A992A0650BC0003F85B /* Assets.xcassets */,
				179B3A9B2A0650BC0003F85B /* LaunchScreen.storyboard */,
				179B3A9E2A0650BC0003F85B /* Info.plist */,
				AECA08842A0E791D0063709A /* GoogleService-Info-5.plist */,
			);
			path = HabitsTracker;
			sourceTree = "<group>";
		};
		738F6E376F63B3202925C067 /* Pods */ = {
			isa = PBXGroup;
			children = (
				82F4AC76C9241A500C2B20F1 /* Pods-HabitsTracker.debug.xcconfig */,
				8D7F709DF365F3E52FD98E51 /* Pods-HabitsTracker.release.xcconfig */,
			);
			path = Pods;
			sourceTree = "<group>";
		};
		AE0D44EA2A0CA1B6008696F7 /* Profile */ = {
			isa = PBXGroup;
			children = (
				AE6F37242A0D7F97001E2FC5 /* Model */,
				AE6F37202A0D7887001E2FC5 /* View */,
				AE6F372A2A0D8002001E2FC5 /* ProfileCoordinator.swift */,
			);
			path = Profile;
			sourceTree = "<group>";
		};
		AE0D44ED2A0CA1E6008696F7 /* Stats */ = {
			isa = PBXGroup;
			children = (
				AE6F37262A0D7FAB001E2FC5 /* Model */,
				AE6F37212A0D788C001E2FC5 /* View */,
				AE6F37272A0D7FB5001E2FC5 /* StatsCoordinator.swift */,
			);
			path = Stats;
			sourceTree = "<group>";
		};
		AE0D44F02A0CA332008696F7 /* TabBar */ = {
			isa = PBXGroup;
			children = (
				AE0D44F12A0CA380008696F7 /* TabBar.swift */,
			);
			path = TabBar;
			sourceTree = "<group>";
		};
		AE2E662B2A0B46FB00497397 /* Main */ = {
			isa = PBXGroup;
			children = (
				AE0D44ED2A0CA1E6008696F7 /* Stats */,
				AE0D44EA2A0CA1B6008696F7 /* Profile */,
				AE49464B2A0B8864002A0B82 /* Auth */,
				AE49464A2A0B8857002A0B82 /* Home */,
			);
			path = Main;
			sourceTree = "<group>";
		};
		AE49464A2A0B8857002A0B82 /* Home */ = {
			isa = PBXGroup;
			children = (
				AE6F37292A0D7FF9001E2FC5 /* Model */,
				AE6F37222A0D7893001E2FC5 /* View */,
				AE6F371D2A0D55BA001E2FC5 /* HomeCoordinator.swift */,
			);
			path = Home;
			sourceTree = "<group>";
		};
		AE49464B2A0B8864002A0B82 /* Auth */ = {
			isa = PBXGroup;
			children = (
				AE6F37232A0D7F8A001E2FC5 /* Model */,
				AE6F371F2A0D787C001E2FC5 /* View */,
			);
			path = Auth;
			sourceTree = "<group>";
		};
		AE49464E2A0B8884002A0B82 /* Reusable */ = {
			isa = PBXGroup;
			children = (
				AE49464F2A0B888F002A0B82 /* BaseViewController.swift */,
				AE70DF482A0C10DA00ACA1C6 /* TitleLogo.swift */,
			);
			path = Reusable;
			sourceTree = "<group>";
		};
		AE4946512A0BEE8F002A0B82 /* Coordinator */ = {
			isa = PBXGroup;
			children = (
				AE4946522A0BEE9C002A0B82 /* Coordinator.swift */,
				AE4946542A0C0B50002A0B82 /* MainCoordinator.swift */,
				AE0D44F32A0CA846008696F7 /* TabBarCoordinator.swift */,
			);
			path = Coordinator;
			sourceTree = "<group>";
		};
		AE6F371F2A0D787C001E2FC5 /* View */ = {
			isa = PBXGroup;
			children = (
				AE49464C2A0B887B002A0B82 /* AuthViewController.swift */,
				AE70DF442A0C0D8700ACA1C6 /* RegisterViewController.swift */,
			);
			path = View;
			sourceTree = "<group>";
		};
		AE6F37202A0D7887001E2FC5 /* View */ = {
			isa = PBXGroup;
			children = (
				AE0D44EB2A0CA1CA008696F7 /* ProfileViewController.swift */,
			);
			path = View;
			sourceTree = "<group>";
		};
		AE6F37212A0D788C001E2FC5 /* View */ = {
			isa = PBXGroup;
			children = (
				AE0D44EE2A0CA1F7008696F7 /* StatsViewController.swift */,
			);
			path = View;
			sourceTree = "<group>";
		};
		AE6F37222A0D7893001E2FC5 /* View */ = {
			isa = PBXGroup;
			children = (
				AE70DF462A0C108200ACA1C6 /* HomeViewController.swift */,
			);
			path = View;
			sourceTree = "<group>";
		};
		AE6F37232A0D7F8A001E2FC5 /* Model */ = {
			isa = PBXGroup;
			children = (
			);
			path = Model;
			sourceTree = "<group>";
		};
		AE6F37242A0D7F97001E2FC5 /* Model */ = {
			isa = PBXGroup;
			children = (
			);
			path = Model;
			sourceTree = "<group>";
		};
		AE6F37262A0D7FAB001E2FC5 /* Model */ = {
			isa = PBXGroup;
			children = (
			);
			path = Model;
			sourceTree = "<group>";
		};
		AE6F37292A0D7FF9001E2FC5 /* Model */ = {
			isa = PBXGroup;
			children = (
			);
			path = Model;
			sourceTree = "<group>";
		};
		AE6F372C2A0E0323001E2FC5 /* Extensions */ = {
			isa = PBXGroup;
			children = (
				AE6F372D2A0E032D001E2FC5 /* Extension + ScreenSize.swift */,
			);
			path = Extensions;
			sourceTree = "<group>";
		};
		E5F0E0070993D70FD985685B /* Frameworks */ = {
			isa = PBXGroup;
			children = (
				4E1B9CF28462A5C02FD2E728 /* Pods_HabitsTracker.framework */,
			);
			name = Frameworks;
			sourceTree = "<group>";
		};
/* End PBXGroup section */

/* Begin PBXNativeTarget section */
		179B3A8C2A0650B70003F85B /* HabitsTracker */ = {
			isa = PBXNativeTarget;
			buildConfigurationList = 179B3AA12A0650BC0003F85B /* Build configuration list for PBXNativeTarget "HabitsTracker" */;
			buildPhases = (
				B04609891980B4039A5AD1AA /* [CP] Check Pods Manifest.lock */,
				179B3A892A0650B70003F85B /* Sources */,
				179B3A8A2A0650B70003F85B /* Frameworks */,
				179B3A8B2A0650B70003F85B /* Resources */,
				F6E98E2686DC15F49738D73B /* [CP] Embed Pods Frameworks */,
			);
			buildRules = (
			);
			dependencies = (
			);
			name = HabitsTracker;
			packageProductDependencies = (
				AECA087B2A0E76920063709A /* FirebaseAnalytics */,
				AECA087D2A0E76920063709A /* FirebaseAnalyticsWithoutAdIdSupport */,
				AECA08802A0E77D50063709A /* GoogleSignIn */,
				AECA08822A0E77D50063709A /* GoogleSignInSwift */,
			);
			productName = HabitsTracker;
			productReference = 179B3A8D2A0650B70003F85B /* HabitsTracker.app */;
			productType = "com.apple.product-type.application";
		};
/* End PBXNativeTarget section */

/* Begin PBXProject section */
		179B3A852A0650B70003F85B /* Project object */ = {
			isa = PBXProject;
			attributes = {
				BuildIndependentTargetsInParallel = 1;
				LastSwiftUpdateCheck = 1430;
				LastUpgradeCheck = 1430;
				TargetAttributes = {
					179B3A8C2A0650B70003F85B = {
						CreatedOnToolsVersion = 14.3;
					};
				};
			};
			buildConfigurationList = 179B3A882A0650B70003F85B /* Build configuration list for PBXProject "HabitsTracker" */;
			compatibilityVersion = "Xcode 14.0";
			developmentRegion = en;
			hasScannedForEncodings = 0;
			knownRegions = (
				en,
				Base,
			);
			mainGroup = 179B3A842A0650B70003F85B;
			packageReferences = (
				AECA087A2A0E76920063709A /* XCRemoteSwiftPackageReference "firebase-ios-sdk" */,
				AECA087F2A0E77D50063709A /* XCRemoteSwiftPackageReference "GoogleSignIn-iOS" */,
			);
			productRefGroup = 179B3A8E2A0650B70003F85B /* Products */;
			projectDirPath = "";
			projectRoot = "";
			targets = (
				179B3A8C2A0650B70003F85B /* HabitsTracker */,
			);
		};
/* End PBXProject section */

/* Begin PBXResourcesBuildPhase section */
		179B3A8B2A0650B70003F85B /* Resources */ = {
			isa = PBXResourcesBuildPhase;
			buildActionMask = 2147483647;
			files = (
				AECA08852A0E791D0063709A /* GoogleService-Info-5.plist in Resources */,
				AE70DF4E2A0C1CAD00ACA1C6 /* comfortaa-bold.ttf in Resources */,
				179B3A9D2A0650BC0003F85B /* LaunchScreen.storyboard in Resources */,
				179B3A9A2A0650BC0003F85B /* Assets.xcassets in Resources */,
			);
			runOnlyForDeploymentPostprocessing = 0;
		};
/* End PBXResourcesBuildPhase section */

/* Begin PBXShellScriptBuildPhase section */
		B04609891980B4039A5AD1AA /* [CP] Check Pods Manifest.lock */ = {
			isa = PBXShellScriptBuildPhase;
			buildActionMask = 2147483647;
			files = (
			);
			inputFileListPaths = (
			);
			inputPaths = (
				"${PODS_PODFILE_DIR_PATH}/Podfile.lock",
				"${PODS_ROOT}/Manifest.lock",
			);
			name = "[CP] Check Pods Manifest.lock";
			outputFileListPaths = (
			);
			outputPaths = (
				"$(DERIVED_FILE_DIR)/Pods-HabitsTracker-checkManifestLockResult.txt",
			);
			runOnlyForDeploymentPostprocessing = 0;
			shellPath = /bin/sh;
			shellScript = "diff \"${PODS_PODFILE_DIR_PATH}/Podfile.lock\" \"${PODS_ROOT}/Manifest.lock\" > /dev/null\nif [ $? != 0 ] ; then\n    # print error to STDERR\n    echo \"error: The sandbox is not in sync with the Podfile.lock. Run 'pod install' or update your CocoaPods installation.\" >&2\n    exit 1\nfi\n# This output is used by Xcode 'outputs' to avoid re-running this script phase.\necho \"SUCCESS\" > \"${SCRIPT_OUTPUT_FILE_0}\"\n";
			showEnvVarsInLog = 0;
		};
		F6E98E2686DC15F49738D73B /* [CP] Embed Pods Frameworks */ = {
			isa = PBXShellScriptBuildPhase;
			buildActionMask = 2147483647;
			files = (
			);
			inputFileListPaths = (
				"${PODS_ROOT}/Target Support Files/Pods-HabitsTracker/Pods-HabitsTracker-frameworks-${CONFIGURATION}-input-files.xcfilelist",
			);
			name = "[CP] Embed Pods Frameworks";
			outputFileListPaths = (
				"${PODS_ROOT}/Target Support Files/Pods-HabitsTracker/Pods-HabitsTracker-frameworks-${CONFIGURATION}-output-files.xcfilelist",
			);
			runOnlyForDeploymentPostprocessing = 0;
			shellPath = /bin/sh;
			shellScript = "\"${PODS_ROOT}/Target Support Files/Pods-HabitsTracker/Pods-HabitsTracker-frameworks.sh\"\n";
			showEnvVarsInLog = 0;
		};
/* End PBXShellScriptBuildPhase section */

/* Begin PBXSourcesBuildPhase section */
		179B3A892A0650B70003F85B /* Sources */ = {
			isa = PBXSourcesBuildPhase;
			buildActionMask = 2147483647;
			files = (
				AE4946502A0B888F002A0B82 /* BaseViewController.swift in Sources */,
				AE4946552A0C0B50002A0B82 /* MainCoordinator.swift in Sources */,
				AE6F371E2A0D55BA001E2FC5 /* HomeCoordinator.swift in Sources */,
				AE49464D2A0B887B002A0B82 /* AuthViewController.swift in Sources */,
				AE6F372B2A0D8002001E2FC5 /* ProfileCoordinator.swift in Sources */,
				AE6F37282A0D7FB5001E2FC5 /* StatsCoordinator.swift in Sources */,
				AE70DF452A0C0D8700ACA1C6 /* RegisterViewController.swift in Sources */,
				AE4946532A0BEE9C002A0B82 /* Coordinator.swift in Sources */,
				AE70DF492A0C10DA00ACA1C6 /* TitleLogo.swift in Sources */,
				AE6F372E2A0E032D001E2FC5 /* Extension + ScreenSize.swift in Sources */,
				AE0D44EC2A0CA1CA008696F7 /* ProfileViewController.swift in Sources */,
				AE70DF472A0C108200ACA1C6 /* HomeViewController.swift in Sources */,
				179B3A952A0650B70003F85B /* ViewController.swift in Sources */,
				AE0D44F22A0CA380008696F7 /* TabBar.swift in Sources */,
				AE0D44F42A0CA846008696F7 /* TabBarCoordinator.swift in Sources */,
				179B3A912A0650B70003F85B /* AppDelegate.swift in Sources */,
				AE0D44EF2A0CA1F7008696F7 /* StatsViewController.swift in Sources */,
				179B3A932A0650B70003F85B /* SceneDelegate.swift in Sources */,
			);
			runOnlyForDeploymentPostprocessing = 0;
		};
/* End PBXSourcesBuildPhase section */

/* Begin PBXVariantGroup section */
		179B3A9B2A0650BC0003F85B /* LaunchScreen.storyboard */ = {
			isa = PBXVariantGroup;
			children = (
				179B3A9C2A0650BC0003F85B /* Base */,
			);
			name = LaunchScreen.storyboard;
			sourceTree = "<group>";
		};
/* End PBXVariantGroup section */

/* Begin XCBuildConfiguration section */
		179B3A9F2A0650BC0003F85B /* Debug */ = {
			isa = XCBuildConfiguration;
			buildSettings = {
				ALWAYS_SEARCH_USER_PATHS = NO;
				CLANG_ANALYZER_NONNULL = YES;
				CLANG_ANALYZER_NUMBER_OBJECT_CONVERSION = YES_AGGRESSIVE;
				CLANG_CXX_LANGUAGE_STANDARD = "gnu++20";
				CLANG_ENABLE_MODULES = YES;
				CLANG_ENABLE_OBJC_ARC = YES;
				CLANG_ENABLE_OBJC_WEAK = YES;
				CLANG_WARN_BLOCK_CAPTURE_AUTORELEASING = YES;
				CLANG_WARN_BOOL_CONVERSION = YES;
				CLANG_WARN_COMMA = YES;
				CLANG_WARN_CONSTANT_CONVERSION = YES;
				CLANG_WARN_DEPRECATED_OBJC_IMPLEMENTATIONS = YES;
				CLANG_WARN_DIRECT_OBJC_ISA_USAGE = YES_ERROR;
				CLANG_WARN_DOCUMENTATION_COMMENTS = YES;
				CLANG_WARN_EMPTY_BODY = YES;
				CLANG_WARN_ENUM_CONVERSION = YES;
				CLANG_WARN_INFINITE_RECURSION = YES;
				CLANG_WARN_INT_CONVERSION = YES;
				CLANG_WARN_NON_LITERAL_NULL_CONVERSION = YES;
				CLANG_WARN_OBJC_IMPLICIT_RETAIN_SELF = YES;
				CLANG_WARN_OBJC_LITERAL_CONVERSION = YES;
				CLANG_WARN_OBJC_ROOT_CLASS = YES_ERROR;
				CLANG_WARN_QUOTED_INCLUDE_IN_FRAMEWORK_HEADER = YES;
				CLANG_WARN_RANGE_LOOP_ANALYSIS = YES;
				CLANG_WARN_STRICT_PROTOTYPES = YES;
				CLANG_WARN_SUSPICIOUS_MOVE = YES;
				CLANG_WARN_UNGUARDED_AVAILABILITY = YES_AGGRESSIVE;
				CLANG_WARN_UNREACHABLE_CODE = YES;
				CLANG_WARN__DUPLICATE_METHOD_MATCH = YES;
				COPY_PHASE_STRIP = NO;
				DEBUG_INFORMATION_FORMAT = dwarf;
				ENABLE_STRICT_OBJC_MSGSEND = YES;
				ENABLE_TESTABILITY = YES;
				GCC_C_LANGUAGE_STANDARD = gnu11;
				GCC_DYNAMIC_NO_PIC = NO;
				GCC_NO_COMMON_BLOCKS = YES;
				GCC_OPTIMIZATION_LEVEL = 0;
				GCC_PREPROCESSOR_DEFINITIONS = (
					"DEBUG=1",
					"$(inherited)",
				);
				GCC_WARN_64_TO_32_BIT_CONVERSION = YES;
				GCC_WARN_ABOUT_RETURN_TYPE = YES_ERROR;
				GCC_WARN_UNDECLARED_SELECTOR = YES;
				GCC_WARN_UNINITIALIZED_AUTOS = YES_AGGRESSIVE;
				GCC_WARN_UNUSED_FUNCTION = YES;
				GCC_WARN_UNUSED_VARIABLE = YES;
				IPHONEOS_DEPLOYMENT_TARGET = 16.4;
				MTL_ENABLE_DEBUG_INFO = INCLUDE_SOURCE;
				MTL_FAST_MATH = YES;
				ONLY_ACTIVE_ARCH = YES;
				SDKROOT = iphoneos;
				SWIFT_ACTIVE_COMPILATION_CONDITIONS = DEBUG;
				SWIFT_OPTIMIZATION_LEVEL = "-Onone";
			};
			name = Debug;
		};
		179B3AA02A0650BC0003F85B /* Release */ = {
			isa = XCBuildConfiguration;
			buildSettings = {
				ALWAYS_SEARCH_USER_PATHS = NO;
				CLANG_ANALYZER_NONNULL = YES;
				CLANG_ANALYZER_NUMBER_OBJECT_CONVERSION = YES_AGGRESSIVE;
				CLANG_CXX_LANGUAGE_STANDARD = "gnu++20";
				CLANG_ENABLE_MODULES = YES;
				CLANG_ENABLE_OBJC_ARC = YES;
				CLANG_ENABLE_OBJC_WEAK = YES;
				CLANG_WARN_BLOCK_CAPTURE_AUTORELEASING = YES;
				CLANG_WARN_BOOL_CONVERSION = YES;
				CLANG_WARN_COMMA = YES;
				CLANG_WARN_CONSTANT_CONVERSION = YES;
				CLANG_WARN_DEPRECATED_OBJC_IMPLEMENTATIONS = YES;
				CLANG_WARN_DIRECT_OBJC_ISA_USAGE = YES_ERROR;
				CLANG_WARN_DOCUMENTATION_COMMENTS = YES;
				CLANG_WARN_EMPTY_BODY = YES;
				CLANG_WARN_ENUM_CONVERSION = YES;
				CLANG_WARN_INFINITE_RECURSION = YES;
				CLANG_WARN_INT_CONVERSION = YES;
				CLANG_WARN_NON_LITERAL_NULL_CONVERSION = YES;
				CLANG_WARN_OBJC_IMPLICIT_RETAIN_SELF = YES;
				CLANG_WARN_OBJC_LITERAL_CONVERSION = YES;
				CLANG_WARN_OBJC_ROOT_CLASS = YES_ERROR;
				CLANG_WARN_QUOTED_INCLUDE_IN_FRAMEWORK_HEADER = YES;
				CLANG_WARN_RANGE_LOOP_ANALYSIS = YES;
				CLANG_WARN_STRICT_PROTOTYPES = YES;
				CLANG_WARN_SUSPICIOUS_MOVE = YES;
				CLANG_WARN_UNGUARDED_AVAILABILITY = YES_AGGRESSIVE;
				CLANG_WARN_UNREACHABLE_CODE = YES;
				CLANG_WARN__DUPLICATE_METHOD_MATCH = YES;
				COPY_PHASE_STRIP = NO;
				DEBUG_INFORMATION_FORMAT = "dwarf-with-dsym";
				ENABLE_NS_ASSERTIONS = NO;
				ENABLE_STRICT_OBJC_MSGSEND = YES;
				GCC_C_LANGUAGE_STANDARD = gnu11;
				GCC_NO_COMMON_BLOCKS = YES;
				GCC_WARN_64_TO_32_BIT_CONVERSION = YES;
				GCC_WARN_ABOUT_RETURN_TYPE = YES_ERROR;
				GCC_WARN_UNDECLARED_SELECTOR = YES;
				GCC_WARN_UNINITIALIZED_AUTOS = YES_AGGRESSIVE;
				GCC_WARN_UNUSED_FUNCTION = YES;
				GCC_WARN_UNUSED_VARIABLE = YES;
				IPHONEOS_DEPLOYMENT_TARGET = 16.4;
				MTL_ENABLE_DEBUG_INFO = NO;
				MTL_FAST_MATH = YES;
				SDKROOT = iphoneos;
				SWIFT_COMPILATION_MODE = wholemodule;
				SWIFT_OPTIMIZATION_LEVEL = "-O";
				VALIDATE_PRODUCT = YES;
			};
			name = Release;
		};
		179B3AA22A0650BC0003F85B /* Debug */ = {
			isa = XCBuildConfiguration;
			baseConfigurationReference = 82F4AC76C9241A500C2B20F1 /* Pods-HabitsTracker.debug.xcconfig */;
			buildSettings = {
				ASSETCATALOG_COMPILER_APPICON_NAME = AppIcon;
				ASSETCATALOG_COMPILER_GLOBAL_ACCENT_COLOR_NAME = AccentColor;
				CODE_SIGN_STYLE = Automatic;
				CURRENT_PROJECT_VERSION = 1;
				DEVELOPMENT_TEAM = 7K5H82MGKM;
				GENERATE_INFOPLIST_FILE = YES;
				INFOPLIST_FILE = HabitsTracker/Info.plist;
				INFOPLIST_KEY_UIApplicationSupportsIndirectInputEvents = YES;
				INFOPLIST_KEY_UILaunchStoryboardName = LaunchScreen;
				INFOPLIST_KEY_UISupportedInterfaceOrientations_iPad = "UIInterfaceOrientationPortrait UIInterfaceOrientationPortraitUpsideDown UIInterfaceOrientationLandscapeLeft UIInterfaceOrientationLandscapeRight";
				INFOPLIST_KEY_UISupportedInterfaceOrientations_iPhone = "UIInterfaceOrientationPortrait UIInterfaceOrientationLandscapeLeft UIInterfaceOrientationLandscapeRight";
				IPHONEOS_DEPLOYMENT_TARGET = 16;
				LD_RUNPATH_SEARCH_PATHS = (
					"$(inherited)",
					"@executable_path/Frameworks",
				);
				MARKETING_VERSION = 1.0;
				PRODUCT_BUNDLE_IDENTIFIER = kstu;
				PRODUCT_NAME = "$(TARGET_NAME)";
				SWIFT_EMIT_LOC_STRINGS = YES;
				SWIFT_VERSION = 5.0;
				TARGETED_DEVICE_FAMILY = "1,2";
			};
			name = Debug;
		};
		179B3AA32A0650BC0003F85B /* Release */ = {
			isa = XCBuildConfiguration;
			baseConfigurationReference = 8D7F709DF365F3E52FD98E51 /* Pods-HabitsTracker.release.xcconfig */;
			buildSettings = {
				ASSETCATALOG_COMPILER_APPICON_NAME = AppIcon;
				ASSETCATALOG_COMPILER_GLOBAL_ACCENT_COLOR_NAME = AccentColor;
				CODE_SIGN_STYLE = Automatic;
				CURRENT_PROJECT_VERSION = 1;
				DEVELOPMENT_TEAM = 7K5H82MGKM;
				GENERATE_INFOPLIST_FILE = YES;
				INFOPLIST_FILE = HabitsTracker/Info.plist;
				INFOPLIST_KEY_UIApplicationSupportsIndirectInputEvents = YES;
				INFOPLIST_KEY_UILaunchStoryboardName = LaunchScreen;
				INFOPLIST_KEY_UISupportedInterfaceOrientations_iPad = "UIInterfaceOrientationPortrait UIInterfaceOrientationPortraitUpsideDown UIInterfaceOrientationLandscapeLeft UIInterfaceOrientationLandscapeRight";
				INFOPLIST_KEY_UISupportedInterfaceOrientations_iPhone = "UIInterfaceOrientationPortrait UIInterfaceOrientationLandscapeLeft UIInterfaceOrientationLandscapeRight";
				IPHONEOS_DEPLOYMENT_TARGET = 16;
				LD_RUNPATH_SEARCH_PATHS = (
					"$(inherited)",
					"@executable_path/Frameworks",
				);
				MARKETING_VERSION = 1.0;
				PRODUCT_BUNDLE_IDENTIFIER = kstu;
				PRODUCT_NAME = "$(TARGET_NAME)";
				SWIFT_EMIT_LOC_STRINGS = YES;
				SWIFT_VERSION = 5.0;
				TARGETED_DEVICE_FAMILY = "1,2";
			};
			name = Release;
		};
/* End XCBuildConfiguration section */

/* Begin XCConfigurationList section */
		179B3A882A0650B70003F85B /* Build configuration list for PBXProject "HabitsTracker" */ = {
			isa = XCConfigurationList;
			buildConfigurations = (
				179B3A9F2A0650BC0003F85B /* Debug */,
				179B3AA02A0650BC0003F85B /* Release */,
			);
			defaultConfigurationIsVisible = 0;
			defaultConfigurationName = Release;
		};
		179B3AA12A0650BC0003F85B /* Build configuration list for PBXNativeTarget "HabitsTracker" */ = {
			isa = XCConfigurationList;
			buildConfigurations = (
				179B3AA22A0650BC0003F85B /* Debug */,
				179B3AA32A0650BC0003F85B /* Release */,
			);
			defaultConfigurationIsVisible = 0;
			defaultConfigurationName = Release;
		};
/* End XCConfigurationList section */

/* Begin XCRemoteSwiftPackageReference section */
		AECA087A2A0E76920063709A /* XCRemoteSwiftPackageReference "firebase-ios-sdk" */ = {
			isa = XCRemoteSwiftPackageReference;
			repositoryURL = "https://github.com/firebase/firebase-ios-sdk";
			requirement = {
				kind = upToNextMajorVersion;
				minimumVersion = 9.0.0;
			};
		};
		AECA087F2A0E77D50063709A /* XCRemoteSwiftPackageReference "GoogleSignIn-iOS" */ = {
			isa = XCRemoteSwiftPackageReference;
			repositoryURL = "https://github.com/google/GoogleSignIn-iOS";
			requirement = {
				kind = upToNextMajorVersion;
				minimumVersion = 7.0.0;
			};
		};
/* End XCRemoteSwiftPackageReference section */

/* Begin XCSwiftPackageProductDependency section */
		AECA087B2A0E76920063709A /* FirebaseAnalytics */ = {
			isa = XCSwiftPackageProductDependency;
			package = AECA087A2A0E76920063709A /* XCRemoteSwiftPackageReference "firebase-ios-sdk" */;
			productName = FirebaseAnalytics;
		};
		AECA087D2A0E76920063709A /* FirebaseAnalyticsWithoutAdIdSupport */ = {
			isa = XCSwiftPackageProductDependency;
			package = AECA087A2A0E76920063709A /* XCRemoteSwiftPackageReference "firebase-ios-sdk" */;
			productName = FirebaseAnalyticsWithoutAdIdSupport;
		};
		AECA08802A0E77D50063709A /* GoogleSignIn */ = {
			isa = XCSwiftPackageProductDependency;
			package = AECA087F2A0E77D50063709A /* XCRemoteSwiftPackageReference "GoogleSignIn-iOS" */;
			productName = GoogleSignIn;
		};
		AECA08822A0E77D50063709A /* GoogleSignInSwift */ = {
			isa = XCSwiftPackageProductDependency;
			package = AECA087F2A0E77D50063709A /* XCRemoteSwiftPackageReference "GoogleSignIn-iOS" */;
			productName = GoogleSignInSwift;
		};
/* End XCSwiftPackageProductDependency section */
	};
	rootObject = 179B3A852A0650B70003F85B /* Project object */;
}
