// !$*UTF8*$!
{
	archiveVersion = 1;
	classes = {
	};
	objectVersion = 56;
	objects = {

/* Begin PBXBuildFile section */
		179B3A912A0650B70003F85B /* AppDelegate.swift in Sources */ = {isa = PBXBuildFile; fileRef = 179B3A902A0650B70003F85B /* AppDelegate.swift */; };
		179B3A932A0650B70003F85B /* SceneDelegate.swift in Sources */ = {isa = PBXBuildFile; fileRef = 179B3A922A0650B70003F85B /* SceneDelegate.swift */; };
		179B3A952A0650B70003F85B /* ViewController.swift in Sources */ = {isa = PBXBuildFile; fileRef = 179B3A942A0650B70003F85B /* ViewController.swift */; };
		179B3A982A0650B70003F85B /* Main.storyboard in Resources */ = {isa = PBXBuildFile; fileRef = 179B3A962A0650B70003F85B /* Main.storyboard */; };
		179B3A9A2A0650BC0003F85B /* Assets.xcassets in Resources */ = {isa = PBXBuildFile; fileRef = 179B3A992A0650BC0003F85B /* Assets.xcassets */; };
		179B3A9D2A0650BC0003F85B /* LaunchScreen.storyboard in Resources */ = {isa = PBXBuildFile; fileRef = 179B3A9B2A0650BC0003F85B /* LaunchScreen.storyboard */; };
		9D0D668E048DC82C6915B6C8 /* Pods_HabitsTracker.framework in Frameworks */ = {isa = PBXBuildFile; fileRef = 4E1B9CF28462A5C02FD2E728 /* Pods_HabitsTracker.framework */; };
/* End PBXBuildFile section */

/* Begin PBXFileReference section */
		179B3A8D2A0650B70003F85B /* HabitsTracker.app */ = {isa = PBXFileReference; explicitFileType = wrapper.application; includeInIndex = 0; path = HabitsTracker.app; sourceTree = BUILT_PRODUCTS_DIR; };
		179B3A902A0650B70003F85B /* AppDelegate.swift */ = {isa = PBXFileReference; lastKnownFileType = sourcecode.swift; path = AppDelegate.swift; sourceTree = "<group>"; };
		179B3A922A0650B70003F85B /* SceneDelegate.swift */ = {isa = PBXFileReference; lastKnownFileType = sourcecode.swift; path = SceneDelegate.swift; sourceTree = "<group>"; };
		179B3A942A0650B70003F85B /* ViewController.swift */ = {isa = PBXFileReference; lastKnownFileType = sourcecode.swift; path = ViewController.swift; sourceTree = "<group>"; };
		179B3A972A0650B70003F85B /* Base */ = {isa = PBXFileReference; lastKnownFileType = file.storyboard; name = Base; path = Base.lproj/Main.storyboard; sourceTree = "<group>"; };
		179B3A992A0650BC0003F85B /* Assets.xcassets */ = {isa = PBXFileReference; lastKnownFileType = folder.assetcatalog; path = Assets.xcassets; sourceTree = "<group>"; };
		179B3A9C2A0650BC0003F85B /* Base */ = {isa = PBXFileReference; lastKnownFileType = file.storyboard; name = Base; path = Base.lproj/LaunchScreen.storyboard; sourceTree = "<group>"; };
		179B3A9E2A0650BC0003F85B /* Info.plist */ = {isa = PBXFileReference; lastKnownFileType = text.plist.xml; path = Info.plist; sourceTree = "<group>"; };
		4E1B9CF28462A5C02FD2E728 /* Pods_HabitsTracker.framework */ = {isa = PBXFileReference; explicitFileType = wrapper.framework; includeInIndex = 0; path = Pods_HabitsTracker.framework; sourceTree = BUILT_PRODUCTS_DIR; };
		82F4AC76C9241A500C2B20F1 /* Pods-HabitsTracker.debug.xcconfig */ = {isa = PBXFileReference; includeInIndex = 1; lastKnownFileType = text.xcconfig; name = "Pods-HabitsTracker.debug.xcconfig"; path = "Target Support Files/Pods-HabitsTracker/Pods-HabitsTracker.debug.xcconfig"; sourceTree = "<group>"; };
		8D7F709DF365F3E52FD98E51 /* Pods-HabitsTracker.release.xcconfig */ = {isa = PBXFileReference; includeInIndex = 1; lastKnownFileType = text.xcconfig; name = "Pods-HabitsTracker.release.xcconfig"; path = "Target Support Files/Pods-HabitsTracker/Pods-HabitsTracker.release.xcconfig"; sourceTree = "<group>"; };
/* End PBXFileReference section */

/* Begin PBXFrameworksBuildPhase section */
		179B3A8A2A0650B70003F85B /* Frameworks */ = {
			isa = PBXFrameworksBuildPhase;
			buildActionMask = 2147483647;
			files = (
				9D0D668E048DC82C6915B6C8 /* Pods_HabitsTracker.framework in Frameworks */,
			);
			runOnlyForDeploymentPostprocessing = 0;
		};
/* End PBXFrameworksBuildPhase section */

/* Begin PBXGroup section */
		179B3A842A0650B70003F85B = {
			isa = PBXGroup;
			children = (
				179B3A8F2A0650B70003F85B /* HabitsTracker */,
				179B3A8E2A0650B70003F85B /* Products */,
				738F6E376F63B3202925C067 /* Pods */,
				E5F0E0070993D70FD985685B /* Frameworks */,
			);
			sourceTree = "<group>";
		};
		179B3A8E2A0650B70003F85B /* Products */ = {
			isa = PBXGroup;
			children = (
				179B3A8D2A0650B70003F85B /* HabitsTracker.app */,
			);
			name = Products;
			sourceTree = "<group>";
		};
		179B3A8F2A0650B70003F85B /* HabitsTracker */ = {
			isa = PBXGroup;
			children = (
				179B3A902A0650B70003F85B /* AppDelegate.swift */,
				179B3A922A0650B70003F85B /* SceneDelegate.swift */,
				179B3A942A0650B70003F85B /* ViewController.swift */,
				179B3A962A0650B70003F85B /* Main.storyboard */,
				179B3A992A0650BC0003F85B /* Assets.xcassets */,
				179B3A9B2A0650BC0003F85B /* LaunchScreen.storyboard */,
				179B3A9E2A0650BC0003F85B /* Info.plist */,
			);
			path = HabitsTracker;
			sourceTree = "<group>";
		};
		738F6E376F63B3202925C067 /* Pods */ = {
			isa = PBXGroup;
			children = (
				82F4AC76C9241A500C2B20F1 /* Pods-HabitsTracker.debug.xcconfig */,
				8D7F709DF365F3E52FD98E51 /* Pods-HabitsTracker.release.xcconfig */,
			);
			name = Pods;
			path = Pods;
			sourceTree = "<group>";
		};
		E5F0E0070993D70FD985685B /* Frameworks */ = {
			isa = PBXGroup;
			children = (
				4E1B9CF28462A5C02FD2E728 /* Pods_HabitsTracker.framework */,
			);
			name = Frameworks;
			sourceTree = "<group>";
		};
/* End PBXGroup section */

/* Begin PBXNativeTarget section */
		179B3A8C2A0650B70003F85B /* HabitsTracker */ = {
			isa = PBXNativeTarget;
			buildConfigurationList = 179B3AA12A0650BC0003F85B /* Build configuration list for PBXNativeTarget "HabitsTracker" */;
			buildPhases = (
				B04609891980B4039A5AD1AA /* [CP] Check Pods Manifest.lock */,
				179B3A892A0650B70003F85B /* Sources */,
				179B3A8A2A0650B70003F85B /* Frameworks */,
				179B3A8B2A0650B70003F85B /* Resources */,
				F6E98E2686DC15F49738D73B /* [CP] Embed Pods Frameworks */,
			);
			buildRules = (
			);
			dependencies = (
			);
			name = HabitsTracker;
			productName = HabitsTracker;
			productReference = 179B3A8D2A0650B70003F85B /* HabitsTracker.app */;
			productType = "com.apple.product-type.application";
		};
/* End PBXNativeTarget section */

/* Begin PBXProject section */
		179B3A852A0650B70003F85B /* Project object */ = {
			isa = PBXProject;
			attributes = {
				BuildIndependentTargetsInParallel = 1;
				LastSwiftUpdateCheck = 1430;
				LastUpgradeCheck = 1430;
				TargetAttributes = {
					179B3A8C2A0650B70003F85B = {
						CreatedOnToolsVersion = 14.3;
					};
				};
			};
			buildConfigurationList = 179B3A882A0650B70003F85B /* Build configuration list for PBXProject "HabitsTracker" */;
			compatibilityVersion = "Xcode 14.0";
			developmentRegion = en;
			hasScannedForEncodings = 0;
			knownRegions = (
				en,
				Base,
			);
			mainGroup = 179B3A842A0650B70003F85B;
			productRefGroup = 179B3A8E2A0650B70003F85B /* Products */;
			projectDirPath = "";
			projectRoot = "";
			targets = (
				179B3A8C2A0650B70003F85B /* HabitsTracker */,
			);
		};
/* End PBXProject section */

/* Begin PBXResourcesBuildPhase section */
		179B3A8B2A0650B70003F85B /* Resources */ = {
			isa = PBXResourcesBuildPhase;
			buildActionMask = 2147483647;
			files = (
				179B3A9D2A0650BC0003F85B /* LaunchScreen.storyboard in Resources */,
				179B3A9A2A0650BC0003F85B /* Assets.xcassets in Resources */,
				179B3A982A0650B70003F85B /* Main.storyboard in Resources */,
			);
			runOnlyForDeploymentPostprocessing = 0;
		};
/* End PBXResourcesBuildPhase section */

/* Begin PBXShellScriptBuildPhase section */
		B04609891980B4039A5AD1AA /* [CP] Check Pods Manifest.lock */ = {
			isa = PBXShellScriptBuildPhase;
			buildActionMask = 2147483647;
			files = (
			);
			inputFileListPaths = (
			);
			inputPaths = (
				"${PODS_PODFILE_DIR_PATH}/Podfile.lock",
				"${PODS_ROOT}/Manifest.lock",
			);
			name = "[CP] Check Pods Manifest.lock";
			outputFileListPaths = (
			);
			outputPaths = (
				"$(DERIVED_FILE_DIR)/Pods-HabitsTracker-checkManifestLockResult.txt",
			);
			runOnlyForDeploymentPostprocessing = 0;
			shellPath = /bin/sh;
			shellScript = "diff \"${PODS_PODFILE_DIR_PATH}/Podfile.lock\" \"${PODS_ROOT}/Manifest.lock\" > /dev/null\nif [ $? != 0 ] ; then\n    # print error to STDERR\n    echo \"error: The sandbox is not in sync with the Podfile.lock. Run 'pod install' or update your CocoaPods installation.\" >&2\n    exit 1\nfi\n# This output is used by Xcode 'outputs' to avoid re-running this script phase.\necho \"SUCCESS\" > \"${SCRIPT_OUTPUT_FILE_0}\"\n";
			showEnvVarsInLog = 0;
		};
		F6E98E2686DC15F49738D73B /* [CP] Embed Pods Frameworks */ = {
			isa = PBXShellScriptBuildPhase;
			buildActionMask = 2147483647;
			files = (
			);
			inputFileListPaths = (
				"${PODS_ROOT}/Target Support Files/Pods-HabitsTracker/Pods-HabitsTracker-frameworks-${CONFIGURATION}-input-files.xcfilelist",
			);
			name = "[CP] Embed Pods Frameworks";
			outputFileListPaths = (
				"${PODS_ROOT}/Target Support Files/Pods-HabitsTracker/Pods-HabitsTracker-frameworks-${CONFIGURATION}-output-files.xcfilelist",
			);
			runOnlyForDeploymentPostprocessing = 0;
			shellPath = /bin/sh;
			shellScript = "\"${PODS_ROOT}/Target Support Files/Pods-HabitsTracker/Pods-HabitsTracker-frameworks.sh\"\n";
			showEnvVarsInLog = 0;
		};
/* End PBXShellScriptBuildPhase section */

/* Begin PBXSourcesBuildPhase section */
		179B3A892A0650B70003F85B /* Sources */ = {
			isa = PBXSourcesBuildPhase;
			buildActionMask = 2147483647;
			files = (
				179B3A952A0650B70003F85B /* ViewController.swift in Sources */,
				179B3A912A0650B70003F85B /* AppDelegate.swift in Sources */,
				179B3A932A0650B70003F85B /* SceneDelegate.swift in Sources */,
			);
			runOnlyForDeploymentPostprocessing = 0;
		};
/* End PBXSourcesBuildPhase section */

/* Begin PBXVariantGroup section */
		179B3A962A0650B70003F85B /* Main.storyboard */ = {
			isa = PBXVariantGroup;
			children = (
				179B3A972A0650B70003F85B /* Base */,
			);
			name = Main.storyboard;
			sourceTree = "<group>";
		};
		179B3A9B2A0650BC0003F85B /* LaunchScreen.storyboard */ = {
			isa = PBXVariantGroup;
			children = (
				179B3A9C2A0650BC0003F85B /* Base */,
			);
			name = LaunchScreen.storyboard;
			sourceTree = "<group>";
		};
/* End PBXVariantGroup section */

/* Begin XCBuildConfiguration section */
		179B3A9F2A0650BC0003F85B /* Debug */ = {
			isa = XCBuildConfiguration;
			buildSettings = {
				ALWAYS_SEARCH_USER_PATHS = NO;
				CLANG_ANALYZER_NONNULL = YES;
				CLANG_ANALYZER_NUMBER_OBJECT_CONVERSION = YES_AGGRESSIVE;
				CLANG_CXX_LANGUAGE_STANDARD = "gnu++20";
				CLANG_ENABLE_MODULES = YES;
				CLANG_ENABLE_OBJC_ARC = YES;
				CLANG_ENABLE_OBJC_WEAK = YES;
				CLANG_WARN_BLOCK_CAPTURE_AUTORELEASING = YES;
				CLANG_WARN_BOOL_CONVERSION = YES;
				CLANG_WARN_COMMA = YES;
				CLANG_WARN_CONSTANT_CONVERSION = YES;
				CLANG_WARN_DEPRECATED_OBJC_IMPLEMENTATIONS = YES;
				CLANG_WARN_DIRECT_OBJC_ISA_USAGE = YES_ERROR;
				CLANG_WARN_DOCUMENTATION_COMMENTS = YES;
				CLANG_WARN_EMPTY_BODY = YES;
				CLANG_WARN_ENUM_CONVERSION = YES;
				CLANG_WARN_INFINITE_RECURSION = YES;
				CLANG_WARN_INT_CONVERSION = YES;
				CLANG_WARN_NON_LITERAL_NULL_CONVERSION = YES;
				CLANG_WARN_OBJC_IMPLICIT_RETAIN_SELF = YES;
				CLANG_WARN_OBJC_LITERAL_CONVERSION = YES;
				CLANG_WARN_OBJC_ROOT_CLASS = YES_ERROR;
				CLANG_WARN_QUOTED_INCLUDE_IN_FRAMEWORK_HEADER = YES;
				CLANG_WARN_RANGE_LOOP_ANALYSIS = YES;
				CLANG_WARN_STRICT_PROTOTYPES = YES;
				CLANG_WARN_SUSPICIOUS_MOVE = YES;
				CLANG_WARN_UNGUARDED_AVAILABILITY = YES_AGGRESSIVE;
				CLANG_WARN_UNREACHABLE_CODE = YES;
				CLANG_WARN__DUPLICATE_METHOD_MATCH = YES;
				COPY_PHASE_STRIP = NO;
				DEBUG_INFORMATION_FORMAT = dwarf;
				ENABLE_STRICT_OBJC_MSGSEND = YES;
				ENABLE_TESTABILITY = YES;
				GCC_C_LANGUAGE_STANDARD = gnu11;
				GCC_DYNAMIC_NO_PIC = NO;
				GCC_NO_COMMON_BLOCKS = YES;
				GCC_OPTIMIZATION_LEVEL = 0;
				GCC_PREPROCESSOR_DEFINITIONS = (
					"DEBUG=1",
					"$(inherited)",
				);
				GCC_WARN_64_TO_32_BIT_CONVERSION = YES;
				GCC_WARN_ABOUT_RETURN_TYPE = YES_ERROR;
				GCC_WARN_UNDECLARED_SELECTOR = YES;
				GCC_WARN_UNINITIALIZED_AUTOS = YES_AGGRESSIVE;
				GCC_WARN_UNUSED_FUNCTION = YES;
				GCC_WARN_UNUSED_VARIABLE = YES;
				IPHONEOS_DEPLOYMENT_TARGET = 16.4;
				MTL_ENABLE_DEBUG_INFO = INCLUDE_SOURCE;
				MTL_FAST_MATH = YES;
				ONLY_ACTIVE_ARCH = YES;
				SDKROOT = iphoneos;
				SWIFT_ACTIVE_COMPILATION_CONDITIONS = DEBUG;
				SWIFT_OPTIMIZATION_LEVEL = "-Onone";
			};
			name = Debug;
		};
		179B3AA02A0650BC0003F85B /* Release */ = {
			isa = XCBuildConfiguration;
			buildSettings = {
				ALWAYS_SEARCH_USER_PATHS = NO;
				CLANG_ANALYZER_NONNULL = YES;
				CLANG_ANALYZER_NUMBER_OBJECT_CONVERSION = YES_AGGRESSIVE;
				CLANG_CXX_LANGUAGE_STANDARD = "gnu++20";
				CLANG_ENABLE_MODULES = YES;
				CLANG_ENABLE_OBJC_ARC = YES;
				CLANG_ENABLE_OBJC_WEAK = YES;
				CLANG_WARN_BLOCK_CAPTURE_AUTORELEASING = YES;
				CLANG_WARN_BOOL_CONVERSION = YES;
				CLANG_WARN_COMMA = YES;
				CLANG_WARN_CONSTANT_CONVERSION = YES;
				CLANG_WARN_DEPRECATED_OBJC_IMPLEMENTATIONS = YES;
				CLANG_WARN_DIRECT_OBJC_ISA_USAGE = YES_ERROR;
				CLANG_WARN_DOCUMENTATION_COMMENTS = YES;
				CLANG_WARN_EMPTY_BODY = YES;
				CLANG_WARN_ENUM_CONVERSION = YES;
				CLANG_WARN_INFINITE_RECURSION = YES;
				CLANG_WARN_INT_CONVERSION = YES;
				CLANG_WARN_NON_LITERAL_NULL_CONVERSION = YES;
				CLANG_WARN_OBJC_IMPLICIT_RETAIN_SELF = YES;
				CLANG_WARN_OBJC_LITERAL_CONVERSION = YES;
				CLANG_WARN_OBJC_ROOT_CLASS = YES_ERROR;
				CLANG_WARN_QUOTED_INCLUDE_IN_FRAMEWORK_HEADER = YES;
				CLANG_WARN_RANGE_LOOP_ANALYSIS = YES;
				CLANG_WARN_STRICT_PROTOTYPES = YES;
				CLANG_WARN_SUSPICIOUS_MOVE = YES;
				CLANG_WARN_UNGUARDED_AVAILABILITY = YES_AGGRESSIVE;
				CLANG_WARN_UNREACHABLE_CODE = YES;
				CLANG_WARN__DUPLICATE_METHOD_MATCH = YES;
				COPY_PHASE_STRIP = NO;
				DEBUG_INFORMATION_FORMAT = "dwarf-with-dsym";
				ENABLE_NS_ASSERTIONS = NO;
				ENABLE_STRICT_OBJC_MSGSEND = YES;
				GCC_C_LANGUAGE_STANDARD = gnu11;
				GCC_NO_COMMON_BLOCKS = YES;
				GCC_WARN_64_TO_32_BIT_CONVERSION = YES;
				GCC_WARN_ABOUT_RETURN_TYPE = YES_ERROR;
				GCC_WARN_UNDECLARED_SELECTOR = YES;
				GCC_WARN_UNINITIALIZED_AUTOS = YES_AGGRESSIVE;
				GCC_WARN_UNUSED_FUNCTION = YES;
				GCC_WARN_UNUSED_VARIABLE = YES;
				IPHONEOS_DEPLOYMENT_TARGET = 16.4;
				MTL_ENABLE_DEBUG_INFO = NO;
				MTL_FAST_MATH = YES;
				SDKROOT = iphoneos;
				SWIFT_COMPILATION_MODE = wholemodule;
				SWIFT_OPTIMIZATION_LEVEL = "-O";
				VALIDATE_PRODUCT = YES;
			};
			name = Release;
		};
		179B3AA22A0650BC0003F85B /* Debug */ = {
			isa = XCBuildConfiguration;
			baseConfigurationReference = 82F4AC76C9241A500C2B20F1 /* Pods-HabitsTracker.debug.xcconfig */;
			buildSettings = {
				ASSETCATALOG_COMPILER_APPICON_NAME = AppIcon;
				ASSETCATALOG_COMPILER_GLOBAL_ACCENT_COLOR_NAME = AccentColor;
				CODE_SIGN_STYLE = Automatic;
				CURRENT_PROJECT_VERSION = 1;
				DEVELOPMENT_TEAM = 6CZNS4ZZ97;
				GENERATE_INFOPLIST_FILE = YES;
				INFOPLIST_FILE = HabitsTracker/Info.plist;
				INFOPLIST_KEY_UIApplicationSupportsIndirectInputEvents = YES;
				INFOPLIST_KEY_UILaunchStoryboardName = LaunchScreen;
				INFOPLIST_KEY_UIMainStoryboardFile = Main;
				INFOPLIST_KEY_UISupportedInterfaceOrientations_iPad = "UIInterfaceOrientationPortrait UIInterfaceOrientationPortraitUpsideDown UIInterfaceOrientationLandscapeLeft UIInterfaceOrientationLandscapeRight";
				INFOPLIST_KEY_UISupportedInterfaceOrientations_iPhone = "UIInterfaceOrientationPortrait UIInterfaceOrientationLandscapeLeft UIInterfaceOrientationLandscapeRight";
				LD_RUNPATH_SEARCH_PATHS = (
					"$(inherited)",
					"@executable_path/Frameworks",
				);
				MARKETING_VERSION = 1.0;
				PRODUCT_BUNDLE_IDENTIFIER = salakhoff.HabitsTracker;
				PRODUCT_NAME = "$(TARGET_NAME)";
				SWIFT_EMIT_LOC_STRINGS = YES;
				SWIFT_VERSION = 5.0;
				TARGETED_DEVICE_FAMILY = "1,2";
			};
			name = Debug;
		};
		179B3AA32A0650BC0003F85B /* Release */ = {
			isa = XCBuildConfiguration;
			baseConfigurationReference = 8D7F709DF365F3E52FD98E51 /* Pods-HabitsTracker.release.xcconfig */;
			buildSettings = {
				ASSETCATALOG_COMPILER_APPICON_NAME = AppIcon;
				ASSETCATALOG_COMPILER_GLOBAL_ACCENT_COLOR_NAME = AccentColor;
				CODE_SIGN_STYLE = Automatic;
				CURRENT_PROJECT_VERSION = 1;
				DEVELOPMENT_TEAM = 6CZNS4ZZ97;
				GENERATE_INFOPLIST_FILE = YES;
				INFOPLIST_FILE = HabitsTracker/Info.plist;
				INFOPLIST_KEY_UIApplicationSupportsIndirectInputEvents = YES;
				INFOPLIST_KEY_UILaunchStoryboardName = LaunchScreen;
				INFOPLIST_KEY_UIMainStoryboardFile = Main;
				INFOPLIST_KEY_UISupportedInterfaceOrientations_iPad = "UIInterfaceOrientationPortrait UIInterfaceOrientationPortraitUpsideDown UIInterfaceOrientationLandscapeLeft UIInterfaceOrientationLandscapeRight";
				INFOPLIST_KEY_UISupportedInterfaceOrientations_iPhone = "UIInterfaceOrientationPortrait UIInterfaceOrientationLandscapeLeft UIInterfaceOrientationLandscapeRight";
				LD_RUNPATH_SEARCH_PATHS = (
					"$(inherited)",
					"@executable_path/Frameworks",
				);
				MARKETING_VERSION = 1.0;
				PRODUCT_BUNDLE_IDENTIFIER = salakhoff.HabitsTracker;
				PRODUCT_NAME = "$(TARGET_NAME)";
				SWIFT_EMIT_LOC_STRINGS = YES;
				SWIFT_VERSION = 5.0;
				TARGETED_DEVICE_FAMILY = "1,2";
			};
			name = Release;
		};
/* End XCBuildConfiguration section */

/* Begin XCConfigurationList section */
		179B3A882A0650B70003F85B /* Build configuration list for PBXProject "HabitsTracker" */ = {
			isa = XCConfigurationList;
			buildConfigurations = (
				179B3A9F2A0650BC0003F85B /* Debug */,
				179B3AA02A0650BC0003F85B /* Release */,
			);
			defaultConfigurationIsVisible = 0;
			defaultConfigurationName = Release;
		};
		179B3AA12A0650BC0003F85B /* Build configuration list for PBXNativeTarget "HabitsTracker" */ = {
			isa = XCConfigurationList;
			buildConfigurations = (
				179B3AA22A0650BC0003F85B /* Debug */,
				179B3AA32A0650BC0003F85B /* Release */,
			);
			defaultConfigurationIsVisible = 0;
			defaultConfigurationName = Release;
		};
/* End XCConfigurationList section */
	};
	rootObject = 179B3A852A0650B70003F85B /* Project object */;
}
